
Microsoft Visual Studio Solution File, Format Version 12.00
# Visual Studio Version 17
VisualStudioVersion = 17.9.34728.123
MinimumVisualStudioVersion = 10.0.40219.1
Project("{FAE04EC0-301F-11D3-BF4B-00C04F79EFBC}") = "SLC-GQIDS-ViewElements", "SLC-GQIDS-ViewElements\SLC-GQIDS-ViewElements.csproj", "{A84347F2-B7BD-47B0-82D1-DBCA2424E9EF}"
EndProject
Project("{2150E333-8FDC-42A3-9474-1A3956D46DE8}") = "Internal", "Internal", "{64F335C2-BAD8-48FF-B2FF-A4B067CE64C1}"
EndProject
Project("{2150E333-8FDC-42A3-9474-1A3956D46DE8}") = "Code Analysis", "Code Analysis", "{E3603677-F40E-40C9-AE65-2982CEA5ED30}"
	ProjectSection(SolutionItems) = preProject
		Internal\Code Analysis\qaction-debug.ruleset = Internal\Code Analysis\qaction-debug.ruleset
		Internal\Code Analysis\qaction-release.ruleset = Internal\Code Analysis\qaction-release.ruleset
		Internal\Code Analysis\stylecop.json = Internal\Code Analysis\stylecop.json
	EndProjectSection
EndProject
Global
	GlobalSection(SolutionConfigurationPlatforms) = preSolution
		Debug|Any CPU = Debug|Any CPU
		Release|Any CPU = Release|Any CPU
	EndGlobalSection
	GlobalSection(ProjectConfigurationPlatforms) = postSolution
		{A84347F2-B7BD-47B0-82D1-DBCA2424E9EF}.Debug|Any CPU.ActiveCfg = Debug|Any CPU
		{A84347F2-B7BD-47B0-82D1-DBCA2424E9EF}.Debug|Any CPU.Build.0 = Debug|Any CPU
		{A84347F2-B7BD-47B0-82D1-DBCA2424E9EF}.Release|Any CPU.ActiveCfg = Release|Any CPU
		{A84347F2-B7BD-47B0-82D1-DBCA2424E9EF}.Release|Any CPU.Build.0 = Release|Any CPU
	EndGlobalSection
	GlobalSection(SolutionProperties) = preSolution
		HideSolutionNode = FALSE
	EndGlobalSection
	GlobalSection(NestedProjects) = preSolution
		{E3603677-F40E-40C9-AE65-2982CEA5ED30} = {64F335C2-BAD8-48FF-B2FF-A4B067CE64C1}
	EndGlobalSection
	GlobalSection(ExtensibilityGlobals) = postSolution
		SolutionGuid = {128280CB-93B5-44E9-84EF-04C60EFDBD8A}
	EndGlobalSection
EndGlobal
